
Microsoft Visual Studio Solution File, Format Version 12.00
# Visual Studio 14
VisualStudioVersion = 14.0.25123.0
MinimumVisualStudioVersion = 10.0.40219.1
Project("{47F9BCF4-7B5D-4B01-AEAC-198DA6CFA571}") = "Sitecore.Support.11445", "Sitecore.Support.11445\Sitecore.Support.11445.csproj", "{244D3D5A-A81C-4928-A69F-20278ABFCB84}"
EndProject
Global
	GlobalSection(SolutionConfigurationPlatforms) = preSolution
		Debug|Any CPU = Debug|Any CPU
		Release|Any CPU = Release|Any CPU
	EndGlobalSection
	GlobalSection(ProjectConfigurationPlatforms) = postSolution
		{244D3D5A-A81C-4928-A69F-20278ABFCB84}.Debug|Any CPU.ActiveCfg = Debug|Any CPU
		{244D3D5A-A81C-4928-A69F-20278ABFCB84}.Debug|Any CPU.Build.0 = Debug|Any CPU
		{244D3D5A-A81C-4928-A69F-20278ABFCB84}.Release|Any CPU.ActiveCfg = Release|Any CPU
		{244D3D5A-A81C-4928-A69F-20278ABFCB84}.Release|Any CPU.Build.0 = Release|Any CPU
	EndGlobalSection
	GlobalSection(SolutionProperties) = preSolution
		HideSolutionNode = FALSE
	EndGlobalSection
EndGlobal
